// !$*UTF8*$!
{
	archiveVersion = 1;
	classes = {
	};
	objectVersion = 51;
	objects = {

/* Begin PBXBuildFile section */
		1EB4000618E3E2F8ED84B0E7 /* Pods_AlamofirePractice.framework in Frameworks */ = {isa = PBXBuildFile; fileRef = 71336E5704B7BFB611F90A2B /* Pods_AlamofirePractice.framework */; };
		E132C4C6272BD51D00A36AEB /* AppDelegate.swift in Sources */ = {isa = PBXBuildFile; fileRef = E132C4C5272BD51D00A36AEB /* AppDelegate.swift */; };
		E132C4C8272BD51D00A36AEB /* SceneDelegate.swift in Sources */ = {isa = PBXBuildFile; fileRef = E132C4C7272BD51D00A36AEB /* SceneDelegate.swift */; };
		E132C4CA272BD51D00A36AEB /* ViewController.swift in Sources */ = {isa = PBXBuildFile; fileRef = E132C4C9272BD51D00A36AEB /* ViewController.swift */; };
		E132C4CD272BD51D00A36AEB /* Main.storyboard in Resources */ = {isa = PBXBuildFile; fileRef = E132C4CB272BD51D00A36AEB /* Main.storyboard */; };
		E132C4CF272BD51D00A36AEB /* Assets.xcassets in Resources */ = {isa = PBXBuildFile; fileRef = E132C4CE272BD51D00A36AEB /* Assets.xcassets */; };
		E132C4D2272BD51D00A36AEB /* LaunchScreen.storyboard in Resources */ = {isa = PBXBuildFile; fileRef = E132C4D0272BD51D00A36AEB /* LaunchScreen.storyboard */; };
		E132C4DA272BE04F00A36AEB /* Networkings.swift in Sources */ = {isa = PBXBuildFile; fileRef = E132C4D9272BE04F00A36AEB /* Networkings.swift */; };
		E135737C27B629F40017D2A9 /* UserInfoModel.swift in Sources */ = {isa = PBXBuildFile; fileRef = E135737B27B629F40017D2A9 /* UserInfoModel.swift */; };
		E1FFB555272BE3D900246D0C /* RecordModel.swift in Sources */ = {isa = PBXBuildFile; fileRef = E1FFB554272BE3D900246D0C /* RecordModel.swift */; };
/* End PBXBuildFile section */

/* Begin PBXFileReference section */
		58F26CEFED0D8AFAF2D4538D /* Pods-AlamofirePractice.debug.xcconfig */ = {isa = PBXFileReference; includeInIndex = 1; lastKnownFileType = text.xcconfig; name = "Pods-AlamofirePractice.debug.xcconfig"; path = "Target Support Files/Pods-AlamofirePractice/Pods-AlamofirePractice.debug.xcconfig"; sourceTree = "<group>"; };
		6FF1758EA42942EFA1869FBF /* Pods-AlamofirePractice.release.xcconfig */ = {isa = PBXFileReference; includeInIndex = 1; lastKnownFileType = text.xcconfig; name = "Pods-AlamofirePractice.release.xcconfig"; path = "Target Support Files/Pods-AlamofirePractice/Pods-AlamofirePractice.release.xcconfig"; sourceTree = "<group>"; };
		71336E5704B7BFB611F90A2B /* Pods_AlamofirePractice.framework */ = {isa = PBXFileReference; explicitFileType = wrapper.framework; includeInIndex = 0; path = Pods_AlamofirePractice.framework; sourceTree = BUILT_PRODUCTS_DIR; };
		E132C4C2272BD51D00A36AEB /* AlamofirePractice.app */ = {isa = PBXFileReference; explicitFileType = wrapper.application; includeInIndex = 0; path = AlamofirePractice.app; sourceTree = BUILT_PRODUCTS_DIR; };
		E132C4C5272BD51D00A36AEB /* AppDelegate.swift */ = {isa = PBXFileReference; lastKnownFileType = sourcecode.swift; path = AppDelegate.swift; sourceTree = "<group>"; };
		E132C4C7272BD51D00A36AEB /* SceneDelegate.swift */ = {isa = PBXFileReference; lastKnownFileType = sourcecode.swift; path = SceneDelegate.swift; sourceTree = "<group>"; };
		E132C4C9272BD51D00A36AEB /* ViewController.swift */ = {isa = PBXFileReference; lastKnownFileType = sourcecode.swift; path = ViewController.swift; sourceTree = "<group>"; };
		E132C4CC272BD51D00A36AEB /* Base */ = {isa = PBXFileReference; lastKnownFileType = file.storyboard; name = Base; path = Base.lproj/Main.storyboard; sourceTree = "<group>"; };
		E132C4CE272BD51D00A36AEB /* Assets.xcassets */ = {isa = PBXFileReference; lastKnownFileType = folder.assetcatalog; path = Assets.xcassets; sourceTree = "<group>"; };
		E132C4D1272BD51D00A36AEB /* Base */ = {isa = PBXFileReference; lastKnownFileType = file.storyboard; name = Base; path = Base.lproj/LaunchScreen.storyboard; sourceTree = "<group>"; };
		E132C4D3272BD51D00A36AEB /* Info.plist */ = {isa = PBXFileReference; lastKnownFileType = text.plist.xml; path = Info.plist; sourceTree = "<group>"; };
		E132C4D9272BE04F00A36AEB /* Networkings.swift */ = {isa = PBXFileReference; lastKnownFileType = sourcecode.swift; path = Networkings.swift; sourceTree = "<group>"; };
		E135737B27B629F40017D2A9 /* UserInfoModel.swift */ = {isa = PBXFileReference; lastKnownFileType = sourcecode.swift; path = UserInfoModel.swift; sourceTree = "<group>"; };
		E1FFB554272BE3D900246D0C /* RecordModel.swift */ = {isa = PBXFileReference; lastKnownFileType = sourcecode.swift; path = RecordModel.swift; sourceTree = "<group>"; };
/* End PBXFileReference section */

/* Begin PBXFrameworksBuildPhase section */
		E132C4BF272BD51D00A36AEB /* Frameworks */ = {
			isa = PBXFrameworksBuildPhase;
			buildActionMask = 2147483647;
			files = (
				1EB4000618E3E2F8ED84B0E7 /* Pods_AlamofirePractice.framework in Frameworks */,
			);
			runOnlyForDeploymentPostprocessing = 0;
		};
/* End PBXFrameworksBuildPhase section */

/* Begin PBXGroup section */
		09A4F2E818479CBE8BFE7288 /* Pods */ = {
			isa = PBXGroup;
			children = (
				58F26CEFED0D8AFAF2D4538D /* Pods-AlamofirePractice.debug.xcconfig */,
				6FF1758EA42942EFA1869FBF /* Pods-AlamofirePractice.release.xcconfig */,
			);
			path = Pods;
			sourceTree = "<group>";
		};
		E132C4B9272BD51D00A36AEB = {
			isa = PBXGroup;
			children = (
				E132C4C4272BD51D00A36AEB /* AlamofirePractice */,
				E132C4C3272BD51D00A36AEB /* Products */,
				09A4F2E818479CBE8BFE7288 /* Pods */,
				FD57B3075F72F152D5B119C1 /* Frameworks */,
			);
			sourceTree = "<group>";
		};
		E132C4C3272BD51D00A36AEB /* Products */ = {
			isa = PBXGroup;
			children = (
				E132C4C2272BD51D00A36AEB /* AlamofirePractice.app */,
			);
			name = Products;
			sourceTree = "<group>";
		};
		E132C4C4272BD51D00A36AEB /* AlamofirePractice */ = {
			isa = PBXGroup;
			children = (
				E135737E27B62A120017D2A9 /* Model */,
				E132C4C5272BD51D00A36AEB /* AppDelegate.swift */,
				E132C4C7272BD51D00A36AEB /* SceneDelegate.swift */,
				E132C4C9272BD51D00A36AEB /* ViewController.swift */,
				E132C4D9272BE04F00A36AEB /* Networkings.swift */,
				E132C4CB272BD51D00A36AEB /* Main.storyboard */,
				E132C4CE272BD51D00A36AEB /* Assets.xcassets */,
				E132C4D0272BD51D00A36AEB /* LaunchScreen.storyboard */,
				E132C4D3272BD51D00A36AEB /* Info.plist */,
			);
			path = AlamofirePractice;
			sourceTree = "<group>";
		};
		E135737E27B62A120017D2A9 /* Model */ = {
			isa = PBXGroup;
			children = (
				E1FFB554272BE3D900246D0C /* RecordModel.swift */,
				E135737B27B629F40017D2A9 /* UserInfoModel.swift */,
			);
			path = Model;
			sourceTree = "<group>";
		};
		FD57B3075F72F152D5B119C1 /* Frameworks */ = {
			isa = PBXGroup;
			children = (
				71336E5704B7BFB611F90A2B /* Pods_AlamofirePractice.framework */,
			);
			name = Frameworks;
			sourceTree = "<group>";
		};
/* End PBXGroup section */

/* Begin PBXNativeTarget section */
		E132C4C1272BD51D00A36AEB /* AlamofirePractice */ = {
			isa = PBXNativeTarget;
			buildConfigurationList = E132C4D6272BD51D00A36AEB /* Build configuration list for PBXNativeTarget "AlamofirePractice" */;
			buildPhases = (
				57BEAD758A7B1720BD124052 /* [CP] Check Pods Manifest.lock */,
				E132C4BE272BD51D00A36AEB /* Sources */,
				E132C4BF272BD51D00A36AEB /* Frameworks */,
				E132C4C0272BD51D00A36AEB /* Resources */,
				E72A71AFB814F0A48F258308 /* [CP] Embed Pods Frameworks */,
			);
			buildRules = (
			);
			dependencies = (
			);
			name = AlamofirePractice;
			productName = AlamofirePractice;
			productReference = E132C4C2272BD51D00A36AEB /* AlamofirePractice.app */;
			productType = "com.apple.product-type.application";
		};
/* End PBXNativeTarget section */

/* Begin PBXProject section */
		E132C4BA272BD51D00A36AEB /* Project object */ = {
			isa = PBXProject;
			attributes = {
				LastSwiftUpdateCheck = 1250;
				LastUpgradeCheck = 1250;
				TargetAttributes = {
					E132C4C1272BD51D00A36AEB = {
						CreatedOnToolsVersion = 12.5.1;
					};
				};
			};
			buildConfigurationList = E132C4BD272BD51D00A36AEB /* Build configuration list for PBXProject "AlamofirePractice" */;
			compatibilityVersion = "Xcode 9.3";
			developmentRegion = en;
			hasScannedForEncodings = 0;
			knownRegions = (
				en,
				Base,
			);
			mainGroup = E132C4B9272BD51D00A36AEB;
			productRefGroup = E132C4C3272BD51D00A36AEB /* Products */;
			projectDirPath = "";
			projectRoot = "";
			targets = (
				E132C4C1272BD51D00A36AEB /* AlamofirePractice */,
			);
		};
/* End PBXProject section */

/* Begin PBXResourcesBuildPhase section */
		E132C4C0272BD51D00A36AEB /* Resources */ = {
			isa = PBXResourcesBuildPhase;
			buildActionMask = 2147483647;
			files = (
				E132C4D2272BD51D00A36AEB /* LaunchScreen.storyboard in Resources */,
				E132C4CF272BD51D00A36AEB /* Assets.xcassets in Resources */,
				E132C4CD272BD51D00A36AEB /* Main.storyboard in Resources */,
			);
			runOnlyForDeploymentPostprocessing = 0;
		};
/* End PBXResourcesBuildPhase section */

/* Begin PBXShellScriptBuildPhase section */
		57BEAD758A7B1720BD124052 /* [CP] Check Pods Manifest.lock */ = {
			isa = PBXShellScriptBuildPhase;
			buildActionMask = 2147483647;
			files = (
			);
			inputFileListPaths = (
			);
			inputPaths = (
				"${PODS_PODFILE_DIR_PATH}/Podfile.lock",
				"${PODS_ROOT}/Manifest.lock",
			);
			name = "[CP] Check Pods Manifest.lock";
			outputFileListPaths = (
			);
			outputPaths = (
				"$(DERIVED_FILE_DIR)/Pods-AlamofirePractice-checkManifestLockResult.txt",
			);
			runOnlyForDeploymentPostprocessing = 0;
			shellPath = /bin/sh;
			shellScript = "diff \"${PODS_PODFILE_DIR_PATH}/Podfile.lock\" \"${PODS_ROOT}/Manifest.lock\" > /dev/null\nif [ $? != 0 ] ; then\n    # print error to STDERR\n    echo \"error: The sandbox is not in sync with the Podfile.lock. Run 'pod install' or update your CocoaPods installation.\" >&2\n    exit 1\nfi\n# This output is used by Xcode 'outputs' to avoid re-running this script phase.\necho \"SUCCESS\" > \"${SCRIPT_OUTPUT_FILE_0}\"\n";
			showEnvVarsInLog = 0;
		};
		E72A71AFB814F0A48F258308 /* [CP] Embed Pods Frameworks */ = {
			isa = PBXShellScriptBuildPhase;
			buildActionMask = 2147483647;
			files = (
			);
			inputFileListPaths = (
				"${PODS_ROOT}/Target Support Files/Pods-AlamofirePractice/Pods-AlamofirePractice-frameworks-${CONFIGURATION}-input-files.xcfilelist",
			);
			name = "[CP] Embed Pods Frameworks";
			outputFileListPaths = (
				"${PODS_ROOT}/Target Support Files/Pods-AlamofirePractice/Pods-AlamofirePractice-frameworks-${CONFIGURATION}-output-files.xcfilelist",
			);
			runOnlyForDeploymentPostprocessing = 0;
			shellPath = /bin/sh;
			shellScript = "\"${PODS_ROOT}/Target Support Files/Pods-AlamofirePractice/Pods-AlamofirePractice-frameworks.sh\"\n";
			showEnvVarsInLog = 0;
		};
/* End PBXShellScriptBuildPhase section */

/* Begin PBXSourcesBuildPhase section */
		E132C4BE272BD51D00A36AEB /* Sources */ = {
			isa = PBXSourcesBuildPhase;
			buildActionMask = 2147483647;
			files = (
				E132C4CA272BD51D00A36AEB /* ViewController.swift in Sources */,
				E132C4DA272BE04F00A36AEB /* Networkings.swift in Sources */,
				E135737C27B629F40017D2A9 /* UserInfoModel.swift in Sources */,
				E132C4C6272BD51D00A36AEB /* AppDelegate.swift in Sources */,
				E1FFB555272BE3D900246D0C /* RecordModel.swift in Sources */,
				E132C4C8272BD51D00A36AEB /* SceneDelegate.swift in Sources */,
			);
			runOnlyForDeploymentPostprocessing = 0;
		};
/* End PBXSourcesBuildPhase section */

/* Begin PBXVariantGroup section */
		E132C4CB272BD51D00A36AEB /* Main.storyboard */ = {
			isa = PBXVariantGroup;
			children = (
				E132C4CC272BD51D00A36AEB /* Base */,
			);
			name = Main.storyboard;
			sourceTree = "<group>";
		};
		E132C4D0272BD51D00A36AEB /* LaunchScreen.storyboard */ = {
			isa = PBXVariantGroup;
			children = (
				E132C4D1272BD51D00A36AEB /* Base */,
			);
			name = LaunchScreen.storyboard;
			sourceTree = "<group>";
		};
/* End PBXVariantGroup section */

/* Begin XCBuildConfiguration section */
		E132C4D4272BD51D00A36AEB /* Debug */ = {
			isa = XCBuildConfiguration;
			buildSettings = {
				ALWAYS_SEARCH_USER_PATHS = NO;
				CLANG_ANALYZER_NONNULL = YES;
				CLANG_ANALYZER_NUMBER_OBJECT_CONVERSION = YES_AGGRESSIVE;
				CLANG_CXX_LANGUAGE_STANDARD = "gnu++14";
				CLANG_CXX_LIBRARY = "libc++";
				CLANG_ENABLE_MODULES = YES;
				CLANG_ENABLE_OBJC_ARC = YES;
				CLANG_ENABLE_OBJC_WEAK = YES;
				CLANG_WARN_BLOCK_CAPTURE_AUTORELEASING = YES;
				CLANG_WARN_BOOL_CONVERSION = YES;
				CLANG_WARN_COMMA = YES;
				CLANG_WARN_CONSTANT_CONVERSION = YES;
				CLANG_WARN_DEPRECATED_OBJC_IMPLEMENTATIONS = YES;
				CLANG_WARN_DIRECT_OBJC_ISA_USAGE = YES_ERROR;
				CLANG_WARN_DOCUMENTATION_COMMENTS = YES;
				CLANG_WARN_EMPTY_BODY = YES;
				CLANG_WARN_ENUM_CONVERSION = YES;
				CLANG_WARN_INFINITE_RECURSION = YES;
				CLANG_WARN_INT_CONVERSION = YES;
				CLANG_WARN_NON_LITERAL_NULL_CONVERSION = YES;
				CLANG_WARN_OBJC_IMPLICIT_RETAIN_SELF = YES;
				CLANG_WARN_OBJC_LITERAL_CONVERSION = YES;
				CLANG_WARN_OBJC_ROOT_CLASS = YES_ERROR;
				CLANG_WARN_QUOTED_INCLUDE_IN_FRAMEWORK_HEADER = YES;
				CLANG_WARN_RANGE_LOOP_ANALYSIS = YES;
				CLANG_WARN_STRICT_PROTOTYPES = YES;
				CLANG_WARN_SUSPICIOUS_MOVE = YES;
				CLANG_WARN_UNGUARDED_AVAILABILITY = YES_AGGRESSIVE;
				CLANG_WARN_UNREACHABLE_CODE = YES;
				CLANG_WARN__DUPLICATE_METHOD_MATCH = YES;
				COPY_PHASE_STRIP = NO;
				DEBUG_INFORMATION_FORMAT = dwarf;
				ENABLE_STRICT_OBJC_MSGSEND = YES;
				ENABLE_TESTABILITY = YES;
				GCC_C_LANGUAGE_STANDARD = gnu11;
				GCC_DYNAMIC_NO_PIC = NO;
				GCC_NO_COMMON_BLOCKS = YES;
				GCC_OPTIMIZATION_LEVEL = 0;
				GCC_PREPROCESSOR_DEFINITIONS = (
					"DEBUG=1",
					"$(inherited)",
				);
				GCC_WARN_64_TO_32_BIT_CONVERSION = YES;
				GCC_WARN_ABOUT_RETURN_TYPE = YES_ERROR;
				GCC_WARN_UNDECLARED_SELECTOR = YES;
				GCC_WARN_UNINITIALIZED_AUTOS = YES_AGGRESSIVE;
				GCC_WARN_UNUSED_FUNCTION = YES;
				GCC_WARN_UNUSED_VARIABLE = YES;
				IPHONEOS_DEPLOYMENT_TARGET = 14.5;
				MTL_ENABLE_DEBUG_INFO = INCLUDE_SOURCE;
				MTL_FAST_MATH = YES;
				ONLY_ACTIVE_ARCH = YES;
				SDKROOT = iphoneos;
				SWIFT_ACTIVE_COMPILATION_CONDITIONS = DEBUG;
				SWIFT_OPTIMIZATION_LEVEL = "-Onone";
			};
			name = Debug;
		};
		E132C4D5272BD51D00A36AEB /* Release */ = {
			isa = XCBuildConfiguration;
			buildSettings = {
				ALWAYS_SEARCH_USER_PATHS = NO;
				CLANG_ANALYZER_NONNULL = YES;
				CLANG_ANALYZER_NUMBER_OBJECT_CONVERSION = YES_AGGRESSIVE;
				CLANG_CXX_LANGUAGE_STANDARD = "gnu++14";
				CLANG_CXX_LIBRARY = "libc++";
				CLANG_ENABLE_MODULES = YES;
				CLANG_ENABLE_OBJC_ARC = YES;
				CLANG_ENABLE_OBJC_WEAK = YES;
				CLANG_WARN_BLOCK_CAPTURE_AUTORELEASING = YES;
				CLANG_WARN_BOOL_CONVERSION = YES;
				CLANG_WARN_COMMA = YES;
				CLANG_WARN_CONSTANT_CONVERSION = YES;
				CLANG_WARN_DEPRECATED_OBJC_IMPLEMENTATIONS = YES;
				CLANG_WARN_DIRECT_OBJC_ISA_USAGE = YES_ERROR;
				CLANG_WARN_DOCUMENTATION_COMMENTS = YES;
				CLANG_WARN_EMPTY_BODY = YES;
				CLANG_WARN_ENUM_CONVERSION = YES;
				CLANG_WARN_INFINITE_RECURSION = YES;
				CLANG_WARN_INT_CONVERSION = YES;
				CLANG_WARN_NON_LITERAL_NULL_CONVERSION = YES;
				CLANG_WARN_OBJC_IMPLICIT_RETAIN_SELF = YES;
				CLANG_WARN_OBJC_LITERAL_CONVERSION = YES;
				CLANG_WARN_OBJC_ROOT_CLASS = YES_ERROR;
				CLANG_WARN_QUOTED_INCLUDE_IN_FRAMEWORK_HEADER = YES;
				CLANG_WARN_RANGE_LOOP_ANALYSIS = YES;
				CLANG_WARN_STRICT_PROTOTYPES = YES;
				CLANG_WARN_SUSPICIOUS_MOVE = YES;
				CLANG_WARN_UNGUARDED_AVAILABILITY = YES_AGGRESSIVE;
				CLANG_WARN_UNREACHABLE_CODE = YES;
				CLANG_WARN__DUPLICATE_METHOD_MATCH = YES;
				COPY_PHASE_STRIP = NO;
				DEBUG_INFORMATION_FORMAT = "dwarf-with-dsym";
				ENABLE_NS_ASSERTIONS = NO;
				ENABLE_STRICT_OBJC_MSGSEND = YES;
				GCC_C_LANGUAGE_STANDARD = gnu11;
				GCC_NO_COMMON_BLOCKS = YES;
				GCC_WARN_64_TO_32_BIT_CONVERSION = YES;
				GCC_WARN_ABOUT_RETURN_TYPE = YES_ERROR;
				GCC_WARN_UNDECLARED_SELECTOR = YES;
				GCC_WARN_UNINITIALIZED_AUTOS = YES_AGGRESSIVE;
				GCC_WARN_UNUSED_FUNCTION = YES;
				GCC_WARN_UNUSED_VARIABLE = YES;
				IPHONEOS_DEPLOYMENT_TARGET = 14.5;
				MTL_ENABLE_DEBUG_INFO = NO;
				MTL_FAST_MATH = YES;
				SDKROOT = iphoneos;
				SWIFT_COMPILATION_MODE = wholemodule;
				SWIFT_OPTIMIZATION_LEVEL = "-O";
				VALIDATE_PRODUCT = YES;
			};
			name = Release;
		};
		E132C4D7272BD51D00A36AEB /* Debug */ = {
			isa = XCBuildConfiguration;
			baseConfigurationReference = 58F26CEFED0D8AFAF2D4538D /* Pods-AlamofirePractice.debug.xcconfig */;
			buildSettings = {
				ASSETCATALOG_COMPILER_APPICON_NAME = AppIcon;
				ASSETCATALOG_COMPILER_GLOBAL_ACCENT_COLOR_NAME = AccentColor;
				CODE_SIGN_STYLE = Automatic;
				DEVELOPMENT_TEAM = U7HG3H3F72;
				INFOPLIST_FILE = AlamofirePractice/Info.plist;
				IPHONEOS_DEPLOYMENT_TARGET = 11.0;
				LD_RUNPATH_SEARCH_PATHS = (
					"$(inherited)",
					"@executable_path/Frameworks",
				);
				NEW_SETTING = "";
				PRODUCT_BUNDLE_IDENTIFIER = com.bhooncoding.AlamofirePractice;
				PRODUCT_NAME = "$(TARGET_NAME)";
				SWIFT_VERSION = 5.0;
				TARGETED_DEVICE_FAMILY = "1,2";
			};
			name = Debug;
		};
		E132C4D8272BD51D00A36AEB /* Release */ = {
			isa = XCBuildConfiguration;
			baseConfigurationReference = 6FF1758EA42942EFA1869FBF /* Pods-AlamofirePractice.release.xcconfig */;
			buildSettings = {
				ASSETCATALOG_COMPILER_APPICON_NAME = AppIcon;
				ASSETCATALOG_COMPILER_GLOBAL_ACCENT_COLOR_NAME = AccentColor;
				CODE_SIGN_STYLE = Automatic;
				DEVELOPMENT_TEAM = U7HG3H3F72;
				INFOPLIST_FILE = AlamofirePractice/Info.plist;
				IPHONEOS_DEPLOYMENT_TARGET = 11.0;
				LD_RUNPATH_SEARCH_PATHS = (
					"$(inherited)",
					"@executable_path/Frameworks",
				);
				NEW_SETTING = "";
				PRODUCT_BUNDLE_IDENTIFIER = com.bhooncoding.AlamofirePractice;
				PRODUCT_NAME = "$(TARGET_NAME)";
				SWIFT_VERSION = 5.0;
				TARGETED_DEVICE_FAMILY = "1,2";
			};
			name = Release;
		};
/* End XCBuildConfiguration section */

/* Begin XCConfigurationList section */
		E132C4BD272BD51D00A36AEB /* Build configuration list for PBXProject "AlamofirePractice" */ = {
			isa = XCConfigurationList;
			buildConfigurations = (
				E132C4D4272BD51D00A36AEB /* Debug */,
				E132C4D5272BD51D00A36AEB /* Release */,
			);
			defaultConfigurationIsVisible = 0;
			defaultConfigurationName = Release;
		};
		E132C4D6272BD51D00A36AEB /* Build configuration list for PBXNativeTarget "AlamofirePractice" */ = {
			isa = XCConfigurationList;
			buildConfigurations = (
				E132C4D7272BD51D00A36AEB /* Debug */,
				E132C4D8272BD51D00A36AEB /* Release */,
			);
			defaultConfigurationIsVisible = 0;
			defaultConfigurationName = Release;
		};
/* End XCConfigurationList section */
	};
	rootObject = E132C4BA272BD51D00A36AEB /* Project object */;
}
